lockfileVersion: 5.3

specifiers:
  '@element-plus/icons': 0.0.11
  '@vitejs/plugin-vue': 1.10.1
  element-plus: 1.2.0-beta.5
  esbuild: 0.14.2
  typescript: 4.5.2
  vite: 2.6.14
  vue: 3.2.23
  vue-json-pretty: 2.0.6

dependencies:
  '@element-plus/icons': 0.0.11
  element-plus: 1.2.0-beta.5_vue@3.2.23
  vue: 3.2.23
  vue-json-pretty: 2.0.6_vue@3.2.23

devDependencies:
  '@vitejs/plugin-vue': 1.10.1_vite@2.6.14
  esbuild: 0.14.2
  typescript: 4.5.2
  vite: 2.6.14

packages:

  /@babel/parser/7.16.4:
    resolution: {integrity: sha512-6V0qdPUaiVHH3RtZeLIsc+6pDhbYzHR8ogA8w+f+Wc77DuXto19g2QUwveINoS34Uw+W8/hQDGJCx+i4n7xcng==, tarball: '@babel/parser/download/@babel/parser-7.16.4.tgz'}
    engines: {node: '>=6.0.0'}
    hasBin: true
    dev: false

  /@element-plus/icons/0.0.11:
    resolution: {integrity: sha1-mxh8ACd0VIuRGFDRf6X8L5pRX1c=, tarball: '@element-plus/icons/download/@element-plus/icons-0.0.11.tgz'}
    deprecated: Package no longer supported. Contact Support at https://www.npmjs.com/support for more info.
    dev: false

  /@popperjs/core/2.11.0:
    resolution: {integrity: sha512-zrsUxjLOKAzdewIDRWy9nsV1GQsKBCWaGwsZQlCgr6/q+vjyZhFgqedLfFBuI9anTPEUT4APq9Mu0SZBTzIcGQ==, tarball: '@popperjs/core/download/@popperjs/core-2.11.0.tgz'}
    dev: false

  /@vitejs/plugin-vue/1.10.1_vite@2.6.14:
    resolution: {integrity: sha512-oL76QETMSpVE9jIScirGB2bYJEVU/+r+g+K7oG+sXPs9TZljqveoVRsmLyXlMZTjpQkLL8gz527cW80NMGVKJg==, tarball: '@vitejs/plugin-vue/download/@vitejs/plugin-vue-1.10.1.tgz'}
    engines: {node: '>=12.0.0'}
    peerDependencies:
      vite: ^2.5.10
    dependencies:
      vite: 2.6.14
    dev: true

  /@vue/compiler-core/3.2.23:
    resolution: {integrity: sha512-4ZhiI/orx+7EJ1B+0zjgvXMV2uRN+XBfG06UN2sJfND9rH5gtEQT3QmO4erum1o6Irl7y754W8/KSaDJh4EUQg==, tarball: '@vue/compiler-core/download/@vue/compiler-core-3.2.23.tgz'}
    dependencies:
      '@babel/parser': 7.16.4
      '@vue/shared': 3.2.23
      estree-walker: 2.0.2
      source-map: 0.6.1
    dev: false

  /@vue/compiler-dom/3.2.23:
    resolution: {integrity: sha512-X2Nw8QFc5lgoK3kio5ktM95nqmLUH+q+N/PbV4kCHzF1avqv/EGLnAhaaF0Iu4bewNvHJAAhhwPZFeoV/22nbw==, tarball: '@vue/compiler-dom/download/@vue/compiler-dom-3.2.23.tgz'}
    dependencies:
      '@vue/compiler-core': 3.2.23
      '@vue/shared': 3.2.23
    dev: false

  /@vue/compiler-sfc/3.2.23:
    resolution: {integrity: sha512-Aw+pb50Q5zTjyvWod8mNKmYZDRGHJBptmNNWE+84ZxrzEztPgMz8cNYIzWGbwcFVkmJlhvioAMvKnB+LM/sjSA==, tarball: '@vue/compiler-sfc/download/@vue/compiler-sfc-3.2.23.tgz'}
    dependencies:
      '@babel/parser': 7.16.4
      '@vue/compiler-core': 3.2.23
      '@vue/compiler-dom': 3.2.23
      '@vue/compiler-ssr': 3.2.23
      '@vue/ref-transform': 3.2.23
      '@vue/shared': 3.2.23
      estree-walker: 2.0.2
      magic-string: 0.25.7
      postcss: 8.4.4
      source-map: 0.6.1
    dev: false

  /@vue/compiler-ssr/3.2.23:
    resolution: {integrity: sha512-Bqzn4jFyXPK1Ehqiq7e/czS8n62gtYF1Zfeu0DrR5uv+SBllh7LIvZjZU6+c8qbocAd3/T3I3gn2cZGmnDb6zg==, tarball: '@vue/compiler-ssr/download/@vue/compiler-ssr-3.2.23.tgz'}
    dependencies:
      '@vue/compiler-dom': 3.2.23
      '@vue/shared': 3.2.23
    dev: false

  /@vue/reactivity/3.2.23:
    resolution: {integrity: sha512-8RGVr/5Kpgb/EkCjgHXqttgA5IMc6n0lIXFY4TVbMkzdXrvaIhzBd7Te44oIDsTSYVKZLpfHd6/wEnuDqE8vFw==, tarball: '@vue/reactivity/download/@vue/reactivity-3.2.23.tgz'}
    dependencies:
      '@vue/shared': 3.2.23
    dev: false

  /@vue/ref-transform/3.2.23:
    resolution: {integrity: sha512-gW0GD2PSAs/th7mC7tPB/UwpIQxclbApVtsDtscDmOJXb2+cdu60ny+SuHNgfrlUT/JqWKQHq7jFKO4woxLNaA==, tarball: '@vue/ref-transform/download/@vue/ref-transform-3.2.23.tgz'}
    dependencies:
      '@babel/parser': 7.16.4
      '@vue/compiler-core': 3.2.23
      '@vue/shared': 3.2.23
      estree-walker: 2.0.2
      magic-string: 0.25.7
    dev: false

  /@vue/runtime-core/3.2.23:
    resolution: {integrity: sha512-wSI5lmY2kCGLf89iiygqxVh6/5bsawz78Me9n1x4U2bHnN0yf3PWyuhN0WgIE8VfEaF7e75E333uboNEIFjgkg==, tarball: '@vue/runtime-core/download/@vue/runtime-core-3.2.23.tgz'}
    dependencies:
      '@vue/reactivity': 3.2.23
      '@vue/shared': 3.2.23
    dev: false

  /@vue/runtime-dom/3.2.23:
    resolution: {integrity: sha512-z6lp0888NkLmxD9j2sGoll8Kb7J743s8s6w7GbiyUc4WZwm0KJ35B4qTFDMoIU0G7CatS6Z+yRTpPHc6srtByg==, tarball: '@vue/runtime-dom/download/@vue/runtime-dom-3.2.23.tgz'}
    dependencies:
      '@vue/runtime-core': 3.2.23
      '@vue/shared': 3.2.23
      csstype: 2.6.19
    dev: false

  /@vue/server-renderer/3.2.23_vue@3.2.23:
    resolution: {integrity: sha512-mgQ2VAE5WjeZELJKNbwE69uiBNpN+3LyL0ZDki1bJWVwHD2fhPfx7pwyYuiucE81xz2LxVsyGxhKKUL997g8vw==, tarball: '@vue/server-renderer/download/@vue/server-renderer-3.2.23.tgz'}
    peerDependencies:
      vue: 3.2.23
    dependencies:
      '@vue/compiler-ssr': 3.2.23
      '@vue/shared': 3.2.23
      vue: 3.2.23
    dev: false

  /@vue/shared/3.2.23:
    resolution: {integrity: sha512-U+/Jefa0QfXUF2qVy9Dqlrb6HKJSr9/wJcM66wXmWcTOoqg7hOWzF4qruDle51pyF4x3wMn6TSH54UdjKjCKMA==, tarball: '@vue/shared/download/@vue/shared-3.2.23.tgz'}
    dev: false

  /@vueuse/core/7.1.2_vue@3.2.23:
    resolution: {integrity: sha512-SLoOPfhZdNRNUkZfx+wrHj6WycWdSw2RmNS8E4ngQ2kmBoJjRarGy51/GkGdjqHQqmhuwuFoNO2WaU0yBn3ffg==, tarball: '@vueuse/core/download/@vueuse/core-7.1.2.tgz'}
    peerDependencies:
      '@vue/composition-api': ^1.1.0
      vue: ^2.6.0 || ^3.2.0
    peerDependenciesMeta:
      '@vue/composition-api':
        optional: true
      vue:
        optional: true
    dependencies:
      '@vueuse/shared': 7.1.2_vue@3.2.23
      vue: 3.2.23
      vue-demi: 0.12.1_vue@3.2.23
    dev: false

  /@vueuse/shared/7.1.2_vue@3.2.23:
    resolution: {integrity: sha512-AjYh4y9S5FMOoHDsysqcXY/1mpqNTrnWUD50yaaiyf+5kGWQVIpAkkjKZlYSC/NHKxxCRn0cLR4nWMzceUWewQ==, tarball: '@vueuse/shared/download/@vueuse/shared-7.1.2.tgz'}
    peerDependencies:
      '@vue/composition-api': ^1.1.0
      vue: ^2.6.0 || ^3.2.0
    peerDependenciesMeta:
      '@vue/composition-api':
        optional: true
      vue:
        optional: true
    dependencies:
      vue: 3.2.23
      vue-demi: 0.12.1_vue@3.2.23
    dev: false

  /async-validator/4.0.7:
    resolution: {integrity: sha1-A0oP0hA6ay6/AQ2nUYO+wpkkev4=, tarball: async-validator/download/async-validator-4.0.7.tgz?cache=0&sync_timestamp=1634529774878&other_urls=https%3A%2F%2Fregistry.npmmirror.com%2Fasync-validator%2Fdownload%2Fasync-validator-4.0.7.tgz}
    dev: false

  /csstype/2.6.19:
    resolution: {integrity: sha512-ZVxXaNy28/k3kJg0Fou5MiYpp88j7H9hLZp8PDC3jV0WFjfH5E9xHb56L0W59cPbKbcHXeP4qyT8PrHp8t6LcQ==, tarball: csstype/download/csstype-2.6.19.tgz?cache=0&sync_timestamp=1637224867418&other_urls=https%3A%2F%2Fregistry.npmmirror.com%2Fcsstype%2Fdownload%2Fcsstype-2.6.19.tgz}
    dev: false

  /dayjs/1.10.7:
    resolution: {integrity: sha1-LPX5Gt0oEWdIRAhmoKHSbzps5Gg=, tarball: dayjs/download/dayjs-1.10.7.tgz}
    dev: false

  /element-plus/1.2.0-beta.5_vue@3.2.23:
    resolution: {integrity: sha512-8KNGsNZ6RjVJ7kmxq/WLeTBMhVxSjfaGdW2QdcdXz4km1MgxbyBfdiNGVQG4XH/n+hbtLFldCPw0mVT4vkncuA==, tarball: element-plus/download/element-plus-1.2.0-beta.5.tgz}
    peerDependencies:
      vue: ^3.2.0
    dependencies:
      '@element-plus/icons': 0.0.11
      '@popperjs/core': 2.11.0
      '@vueuse/core': 7.1.2_vue@3.2.23
      async-validator: 4.0.7
      dayjs: 1.10.7
      lodash: 4.17.21
      memoize-one: 6.0.0
      normalize-wheel-es: 1.1.1
      vue: 3.2.23
    transitivePeerDependencies:
      - '@vue/composition-api'
    dev: false

  /esbuild-android-arm64/0.13.15:
    resolution: {integrity: sha512-m602nft/XXeO8YQPUDVoHfjyRVPdPgjyyXOxZ44MK/agewFFkPa8tUo6lAzSWh5Ui5PB4KR9UIFTSBKh/RrCmg==, tarball: esbuild-android-arm64/download/esbuild-android-arm64-0.13.15.tgz}
    cpu: [arm64]
    os: [android]
    requiresBuild: true
    dev: true
    optional: true

  /esbuild-android-arm64/0.14.2:
    resolution: {integrity: sha512-hEixaKMN3XXCkoe+0WcexO4CcBVU5DCSUT+7P8JZiWZCbAjSkc9b6Yz2X5DSfQmRCtI/cQRU6TfMYrMQ5NBfdw==, tarball: esbuild-android-arm64/download/esbuild-android-arm64-0.14.2.tgz}
    cpu: [arm64]
    os: [android]
    requiresBuild: true
    dev: true
    optional: true

  /esbuild-darwin-64/0.13.15:
    resolution: {integrity: sha512-ihOQRGs2yyp7t5bArCwnvn2Atr6X4axqPpEdCFPVp7iUj4cVSdisgvEKdNR7yH3JDjW6aQDw40iQFoTqejqxvQ==, tarball: esbuild-darwin-64/download/esbuild-darwin-64-0.13.15.tgz}
    cpu: [x64]
    os: [darwin]
    requiresBuild: true
    dev: true
    optional: true

  /esbuild-darwin-64/0.14.2:
    resolution: {integrity: sha512-Uq8t0cbJQkxkQdbUfOl2wZqZ/AtLZjvJulR1HHnc96UgyzG9YlCLSDMiqjM+NANEy7/zzvwKJsy3iNC9wwqLJA==, tarball: esbuild-darwin-64/download/esbuild-darwin-64-0.14.2.tgz}
    cpu: [x64]
    os: [darwin]
    requiresBuild: true
    dev: true
    optional: true

  /esbuild-darwin-arm64/0.13.15:
    resolution: {integrity: sha512-i1FZssTVxUqNlJ6cBTj5YQj4imWy3m49RZRnHhLpefFIh0To05ow9DTrXROTE1urGTQCloFUXTX8QfGJy1P8dQ==, tarball: esbuild-darwin-arm64/download/esbuild-darwin-arm64-0.13.15.tgz}
    cpu: [arm64]
    os: [darwin]
    requiresBuild: true
    dev: true
    optional: true

  /esbuild-darwin-arm64/0.14.2:
    resolution: {integrity: sha512-619MSa17sr7YCIrUj88KzQu2ESA4jKYtIYfLU/smX6qNgxQt3Y/gzM4s6sgJ4fPQzirvmXgcHv1ZNQAs/Xh48A==, tarball: esbuild-darwin-arm64/download/esbuild-darwin-arm64-0.14.2.tgz}
    cpu: [arm64]
    os: [darwin]
    requiresBuild: true
    dev: true
    optional: true

  /esbuild-freebsd-64/0.13.15:
    resolution: {integrity: sha512-G3dLBXUI6lC6Z09/x+WtXBXbOYQZ0E8TDBqvn7aMaOCzryJs8LyVXKY4CPnHFXZAbSwkCbqiPuSQ1+HhrNk7EA==, tarball: esbuild-freebsd-64/download/esbuild-freebsd-64-0.13.15.tgz}
    cpu: [x64]
    os: [freebsd]
    requiresBuild: true
    dev: true
    optional: true

  /esbuild-freebsd-64/0.14.2:
    resolution: {integrity: sha512-aP6FE/ZsChZpUV6F3HE3x1Pz0paoYXycJ7oLt06g0G9dhJKknPawXCqQg/WMyD+ldCEZfo7F1kavenPdIT/SGQ==, tarball: esbuild-freebsd-64/download/esbuild-freebsd-64-0.14.2.tgz}
    cpu: [x64]
    os: [freebsd]
    requiresBuild: true
    dev: true
    optional: true

  /esbuild-freebsd-arm64/0.13.15:
    resolution: {integrity: sha512-KJx0fzEDf1uhNOZQStV4ujg30WlnwqUASaGSFPhznLM/bbheu9HhqZ6mJJZM32lkyfGJikw0jg7v3S0oAvtvQQ==, tarball: esbuild-freebsd-arm64/download/esbuild-freebsd-arm64-0.13.15.tgz}
    cpu: [arm64]
    os: [freebsd]
    requiresBuild: true
    dev: true
    optional: true

  /esbuild-freebsd-arm64/0.14.2:
    resolution: {integrity: sha512-LSm98WTb1QIhyS83+Po0KTpZNdd2XpVpI9ua5rLWqKWbKeNRFwOsjeiuwBaRNc+O32s9oC2ZMefETxHBV6VNkQ==, tarball: esbuild-freebsd-arm64/download/esbuild-freebsd-arm64-0.14.2.tgz}
    cpu: [arm64]
    os: [freebsd]
    requiresBuild: true
    dev: true
    optional: true

  /esbuild-linux-32/0.13.15:
    resolution: {integrity: sha512-ZvTBPk0YWCLMCXiFmD5EUtB30zIPvC5Itxz0mdTu/xZBbbHJftQgLWY49wEPSn2T/TxahYCRDWun5smRa0Tu+g==, tarball: esbuild-linux-32/download/esbuild-linux-32-0.13.15.tgz}
    cpu: [ia32]
    os: [linux]
    requiresBuild: true
    dev: true
    optional: true

  /esbuild-linux-32/0.14.2:
    resolution: {integrity: sha512-8VxnNEyeUbiGflTKcuVc5JEPTqXfsx2O6ABwUbfS1Hp26lYPRPC7pKQK5Dxa0MBejGc50jy7YZae3EGQUQ8EkQ==, tarball: esbuild-linux-32/download/esbuild-linux-32-0.14.2.tgz}
    cpu: [ia32]
    os: [linux]
    requiresBuild: true
    dev: true
    optional: true

  /esbuild-linux-64/0.13.15:
    resolution: {integrity: sha512-eCKzkNSLywNeQTRBxJRQ0jxRCl2YWdMB3+PkWFo2BBQYC5mISLIVIjThNtn6HUNqua1pnvgP5xX0nHbZbPj5oA==, tarball: esbuild-linux-64/download/esbuild-linux-64-0.13.15.tgz}
    cpu: [x64]
    os: [linux]
    requiresBuild: true
    dev: true
    optional: true

  /esbuild-linux-64/0.14.2:
    resolution: {integrity: sha512-4bzMS2dNxOJoFIiHId4w+tqQzdnsch71JJV1qZnbnErSFWcR9lRgpSqWnTTFtv6XM+MvltRzSXC5wQ7AEBY6Hg==, tarball: esbuild-linux-64/download/esbuild-linux-64-0.14.2.tgz}
    cpu: [x64]
    os: [linux]
    requiresBuild: true
    dev: true
    optional: true

  /esbuild-linux-arm/0.13.15:
    resolution: {integrity: sha512-wUHttDi/ol0tD8ZgUMDH8Ef7IbDX+/UsWJOXaAyTdkT7Yy9ZBqPg8bgB/Dn3CZ9SBpNieozrPRHm0BGww7W/jA==, tarball: esbuild-linux-arm/download/esbuild-linux-arm-0.13.15.tgz}
    cpu: [arm]
    os: [linux]
    requiresBuild: true
    dev: true
    optional: true

  /esbuild-linux-arm/0.14.2:
    resolution: {integrity: sha512-PaylahvMHhH8YMfJPMKEqi64qA0Su+d4FNfHKvlKes/2dUe4QxgbwXT9oLVgy8iJdcFMrO7By4R8fS8S0p8aVQ==, tarball: esbuild-linux-arm/download/esbuild-linux-arm-0.14.2.tgz}
    cpu: [arm]
    os: [linux]
    requiresBuild: true
    dev: true
    optional: true

  /esbuild-linux-arm64/0.13.15:
    resolution: {integrity: sha512-bYpuUlN6qYU9slzr/ltyLTR9YTBS7qUDymO8SV7kjeNext61OdmqFAzuVZom+OLW1HPHseBfJ/JfdSlx8oTUoA==, tarball: esbuild-linux-arm64/download/esbuild-linux-arm64-0.13.15.tgz}
    cpu: [arm64]
    os: [linux]
    requiresBuild: true
    dev: true
    optional: true

  /esbuild-linux-arm64/0.14.2:
    resolution: {integrity: sha512-RlIVp0RwJrdtasDF1vTFueLYZ8WuFzxoQ1OoRFZOTyJHCGCNgh7xJIC34gd7B7+RT0CzLBB4LcM5n0LS+hIoww==, tarball: esbuild-linux-arm64/download/esbuild-linux-arm64-0.14.2.tgz}
    cpu: [arm64]
    os: [linux]
    requiresBuild: true
    dev: true
    optional: true

  /esbuild-linux-mips64le/0.13.15:
    resolution: {integrity: sha512-KlVjIG828uFPyJkO/8gKwy9RbXhCEUeFsCGOJBepUlpa7G8/SeZgncUEz/tOOUJTcWMTmFMtdd3GElGyAtbSWg==, tarball: esbuild-linux-mips64le/download/esbuild-linux-mips64le-0.13.15.tgz}
    cpu: [mips64el]
    os: [linux]
    requiresBuild: true
    dev: true
    optional: true

  /esbuild-linux-mips64le/0.14.2:
    resolution: {integrity: sha512-Fdwrq2roFnO5oetIiUQQueZ3+5soCxBSJswg3MvYaXDomj47BN6oAWMZgLrFh1oVrtWrxSDLCJBenYdbm2s+qQ==, tarball: esbuild-linux-mips64le/download/esbuild-linux-mips64le-0.14.2.tgz}
    cpu: [mips64el]
    os: [linux]
    requiresBuild: true
    dev: true
    optional: true

  /esbuild-linux-ppc64le/0.13.15:
    resolution: {integrity: sha512-h6gYF+OsaqEuBjeesTBtUPw0bmiDu7eAeuc2OEH9S6mV9/jPhPdhOWzdeshb0BskRZxPhxPOjqZ+/OqLcxQwEQ==, tarball: esbuild-linux-ppc64le/download/esbuild-linux-ppc64le-0.13.15.tgz}
    cpu: [ppc64]
    os: [linux]
    requiresBuild: true
    dev: true
    optional: true

  /esbuild-linux-ppc64le/0.14.2:
    resolution: {integrity: sha512-vxptskw8JfCDD9QqpRO0XnsM1osuWeRjPaXX1TwdveLogYsbdFtcuiuK/4FxGiNMUr1ojtnCS2rMPbY8puc5NA==, tarball: esbuild-linux-ppc64le/download/esbuild-linux-ppc64le-0.14.2.tgz}
    cpu: [ppc64]
    os: [linux]
    requiresBuild: true
    dev: true
    optional: true

  /esbuild-netbsd-64/0.13.15:
    resolution: {integrity: sha512-3+yE9emwoevLMyvu+iR3rsa+Xwhie7ZEHMGDQ6dkqP/ndFzRHkobHUKTe+NCApSqG5ce2z4rFu+NX/UHnxlh3w==, tarball: esbuild-netbsd-64/download/esbuild-netbsd-64-0.13.15.tgz}
    cpu: [x64]
    os: [netbsd]
    requiresBuild: true
    dev: true
    optional: true

  /esbuild-netbsd-64/0.14.2:
    resolution: {integrity: sha512-I8+LzYK5iSNpspS9eCV9sW67Rj8FgMHimGri4mKiGAmN0pNfx+hFX146rYtzGtewuxKtTsPywWteHx+hPRLDsw==, tarball: esbuild-netbsd-64/download/esbuild-netbsd-64-0.14.2.tgz}
    cpu: [x64]
    os: [netbsd]
    requiresBuild: true
    dev: true
    optional: true

  /esbuild-openbsd-64/0.13.15:
    resolution: {integrity: sha512-wTfvtwYJYAFL1fSs8yHIdf5GEE4NkbtbXtjLWjM3Cw8mmQKqsg8kTiqJ9NJQe5NX/5Qlo7Xd9r1yKMMkHllp5g==, tarball: esbuild-openbsd-64/download/esbuild-openbsd-64-0.13.15.tgz}
    cpu: [x64]
    os: [openbsd]
    requiresBuild: true
    dev: true
    optional: true

  /esbuild-openbsd-64/0.14.2:
    resolution: {integrity: sha512-120HgMe9elidWUvM2E6mMf0csrGwx8sYDqUIJugyMy1oHm+/nT08bTAVXuwYG/rkMIqsEO9AlMxuYnwR6En/3Q==, tarball: esbuild-openbsd-64/download/esbuild-openbsd-64-0.14.2.tgz}
    cpu: [x64]
    os: [openbsd]
    requiresBuild: true
    dev: true
    optional: true

  /esbuild-sunos-64/0.13.15:
    resolution: {integrity: sha512-lbivT9Bx3t1iWWrSnGyBP9ODriEvWDRiweAs69vI+miJoeKwHWOComSRukttbuzjZ8r1q0mQJ8Z7yUsDJ3hKdw==, tarball: esbuild-sunos-64/download/esbuild-sunos-64-0.13.15.tgz}
    cpu: [x64]
    os: [sunos]
    requiresBuild: true
    dev: true
    optional: true

  /esbuild-sunos-64/0.14.2:
    resolution: {integrity: sha512-Q3xcf9Uyfra9UuCFxoLixVvdigo0daZaKJ97TL2KNA4bxRUPK18wwGUk3AxvgDQZpRmg82w9PnkaNYo7a+24ow==, tarball: esbuild-sunos-64/download/esbuild-sunos-64-0.14.2.tgz}
    cpu: [x64]
    os: [sunos]
    requiresBuild: true
    dev: true
    optional: true

  /esbuild-windows-32/0.13.15:
    resolution: {integrity: sha512-fDMEf2g3SsJ599MBr50cY5ve5lP1wyVwTe6aLJsM01KtxyKkB4UT+fc5MXQFn3RLrAIAZOG+tHC+yXObpSn7Nw==, tarball: esbuild-windows-32/download/esbuild-windows-32-0.13.15.tgz}
    cpu: [ia32]
    os: [win32]
    requiresBuild: true
    dev: true
    optional: true

  /esbuild-windows-32/0.14.2:
    resolution: {integrity: sha512-TW7O49tPsrq+N1sW8mb3m24j/iDGa4xzAZH4wHWwoIzgtZAYPKC0hpIhufRRG/LA30bdMChO9pjJZ5mtcybtBQ==, tarball: esbuild-windows-32/download/esbuild-windows-32-0.14.2.tgz}
    cpu: [ia32]
    os: [win32]
    requiresBuild: true
    dev: true
    optional: true

  /esbuild-windows-64/0.13.15:
    resolution: {integrity: sha512-9aMsPRGDWCd3bGjUIKG/ZOJPKsiztlxl/Q3C1XDswO6eNX/Jtwu4M+jb6YDH9hRSUflQWX0XKAfWzgy5Wk54JQ==, tarball: esbuild-windows-64/download/esbuild-windows-64-0.13.15.tgz}
    cpu: [x64]
    os: [win32]
    requiresBuild: true
    dev: true
    optional: true

  /esbuild-windows-64/0.14.2:
    resolution: {integrity: sha512-Rym6ViMNmi1E2QuQMWy0AFAfdY0wGwZD73BnzlsQBX5hZBuy/L+Speh7ucUZ16gwsrMM9v86icZUDrSN/lNBKg==, tarball: esbuild-windows-64/download/esbuild-windows-64-0.14.2.tgz}
    cpu: [x64]
    os: [win32]
    requiresBuild: true
    dev: true
    optional: true

  /esbuild-windows-arm64/0.13.15:
    resolution: {integrity: sha512-zzvyCVVpbwQQATaf3IG8mu1IwGEiDxKkYUdA4FpoCHi1KtPa13jeScYDjlW0Qh+ebWzpKfR2ZwvqAQkSWNcKjA==, tarball: esbuild-windows-arm64/download/esbuild-windows-arm64-0.13.15.tgz}
    cpu: [arm64]
    os: [win32]
    requiresBuild: true
    dev: true
    optional: true

  /esbuild-windows-arm64/0.14.2:
    resolution: {integrity: sha512-ZrLbhr0vX5Em/P1faMnHucjVVWPS+m3tktAtz93WkMZLmbRJevhiW1y4CbulBd2z0MEdXZ6emDa1zFHq5O5bSA==, tarball: esbuild-windows-arm64/download/esbuild-windows-arm64-0.14.2.tgz}
    cpu: [arm64]
    os: [win32]
    requiresBuild: true
    dev: true
    optional: true

  /esbuild/0.13.15:
    resolution: {integrity: sha512-raCxt02HBKv8RJxE8vkTSCXGIyKHdEdGfUmiYb8wnabnaEmHzyW7DCHb5tEN0xU8ryqg5xw54mcwnYkC4x3AIw==, tarball: esbuild/download/esbuild-0.13.15.tgz}
    hasBin: true
    requiresBuild: true
    optionalDependencies:
      esbuild-android-arm64: 0.13.15
      esbuild-darwin-64: 0.13.15
      esbuild-darwin-arm64: 0.13.15
      esbuild-freebsd-64: 0.13.15
      esbuild-freebsd-arm64: 0.13.15
      esbuild-linux-32: 0.13.15
      esbuild-linux-64: 0.13.15
      esbuild-linux-arm: 0.13.15
      esbuild-linux-arm64: 0.13.15
      esbuild-linux-mips64le: 0.13.15
      esbuild-linux-ppc64le: 0.13.15
      esbuild-netbsd-64: 0.13.15
      esbuild-openbsd-64: 0.13.15
      esbuild-sunos-64: 0.13.15
      esbuild-windows-32: 0.13.15
      esbuild-windows-64: 0.13.15
      esbuild-windows-arm64: 0.13.15
    dev: true

  /esbuild/0.14.2:
    resolution: {integrity: sha512-l076A6o/PIgcyM24s0dWmDI/b8RQf41uWoJu9I0M71CtW/YSw5T5NUeXxs5lo2tFQD+O4CW4nBHJXx3OY5NpXg==, tarball: esbuild/download/esbuild-0.14.2.tgz}
    hasBin: true
    requiresBuild: true
    optionalDependencies:
      esbuild-android-arm64: 0.14.2
      esbuild-darwin-64: 0.14.2
      esbuild-darwin-arm64: 0.14.2
      esbuild-freebsd-64: 0.14.2
      esbuild-freebsd-arm64: 0.14.2
      esbuild-linux-32: 0.14.2
      esbuild-linux-64: 0.14.2
      esbuild-linux-arm: 0.14.2
      esbuild-linux-arm64: 0.14.2
      esbuild-linux-mips64le: 0.14.2
      esbuild-linux-ppc64le: 0.14.2
      esbuild-netbsd-64: 0.14.2
      esbuild-openbsd-64: 0.14.2
      esbuild-sunos-64: 0.14.2
      esbuild-windows-32: 0.14.2
      esbuild-windows-64: 0.14.2
      esbuild-windows-arm64: 0.14.2
    dev: true

  /estree-walker/2.0.2:
    resolution: {integrity: sha1-UvAQF4wqTBF6d1fP6UKtt9LaTKw=, tarball: estree-walker/download/estree-walker-2.0.2.tgz}
    dev: false

  /fsevents/2.3.2:
    resolution: {integrity: sha1-ilJveLj99GI7cJ4Ll1xSwkwC/Ro=, tarball: fsevents/download/fsevents-2.3.2.tgz}
    engines: {node: ^8.16.0 || ^10.6.0 || >=11.0.0}
    os: [darwin]
    requiresBuild: true
    dev: true
    optional: true

  /function-bind/1.1.1:
    resolution: {integrity: sha1-pWiZ0+o8m6uHS7l3O3xe3pL0iV0=, tarball: function-bind/download/function-bind-1.1.1.tgz}
    dev: true

  /has/1.0.3:
    resolution: {integrity: sha1-ci18v8H2qoJB8W3YFOAR4fQeh5Y=, tarball: has/download/has-1.0.3.tgz}
    engines: {node: '>= 0.4.0'}
    dependencies:
      function-bind: 1.1.1
    dev: true

  /is-core-module/2.8.0:
    resolution: {integrity: sha1-AyEzbD0JJeSX/Zf12VyxFKXM1Ug=, tarball: is-core-module/download/is-core-module-2.8.0.tgz}
    dependencies:
      has: 1.0.3
    dev: true

  /lodash/4.17.21:
    resolution: {integrity: sha1-Z5WRxWTDv/quhFTPCz3zcMPWkRw=, tarball: lodash/download/lodash-4.17.21.tgz?cache=0&sync_timestamp=1632820929452&other_urls=https%3A%2F%2Fregistry.npmmirror.com%2Flodash%2Fdownload%2Flodash-4.17.21.tgz}
    dev: false

  /magic-string/0.25.7:
    resolution: {integrity: sha1-P0l9b9NMZpxnmNy4IfLvMfVEUFE=, tarball: magic-string/download/magic-string-0.25.7.tgz}
    dependencies:
      sourcemap-codec: 1.4.8
    dev: false

  /memoize-one/6.0.0:
    resolution: {integrity: sha1-slkbhx7YKUiu5HJ9xqvO7qyMEEU=, tarball: memoize-one/download/memoize-one-6.0.0.tgz}
    dev: false

  /nanoid/3.1.30:
    resolution: {integrity: sha1-Y/k8xUjSoRPcXfvGO/oJ4rm2Q2I=, tarball: nanoid/download/nanoid-3.1.30.tgz}
    engines: {node: ^10 || ^12 || ^13.7 || ^14 || >=15.0.1}
    hasBin: true

  /normalize-wheel-es/1.1.1:
    resolution: {integrity: sha1-qAlttqVvlDMtiE/Y6+2ojy/HlWk=, tarball: normalize-wheel-es/download/normalize-wheel-es-1.1.1.tgz}
    dev: false

  /path-parse/1.0.7:
    resolution: {integrity: sha1-+8EUtgykKzDZ2vWFjkvWi77bZzU=, tarball: path-parse/download/path-parse-1.0.7.tgz}
    dev: true

  /picocolors/1.0.0:
    resolution: {integrity: sha1-y1vcdP8/UYkiNur3nWi8RFZKuBw=, tarball: picocolors/download/picocolors-1.0.0.tgz}

  /postcss/8.4.4:
    resolution: {integrity: sha512-joU6fBsN6EIer28Lj6GDFoC/5yOZzLCfn0zHAn/MYXI7aPt4m4hK5KC5ovEZXy+lnCjmYIbQWngvju2ddyEr8Q==, tarball: postcss/download/postcss-8.4.4.tgz}
    engines: {node: ^10 || ^12 || >=14}
    dependencies:
      nanoid: 3.1.30
      picocolors: 1.0.0
      source-map-js: 1.0.1

  /resolve/1.20.0:
    resolution: {integrity: sha1-YpoBP7P3B1XW8LeTXMHCxTeLGXU=, tarball: resolve/download/resolve-1.20.0.tgz}
    dependencies:
      is-core-module: 2.8.0
      path-parse: 1.0.7
    dev: true

  /rollup/2.60.2:
    resolution: {integrity: sha512-1Bgjpq61sPjgoZzuiDSGvbI1tD91giZABgjCQBKM5aYLnzjq52GoDuWVwT/cm/MCxCMPU8gqQvkj8doQ5C8Oqw==, tarball: rollup/download/rollup-2.60.2.tgz}
    engines: {node: '>=10.0.0'}
    hasBin: true
    optionalDependencies:
      fsevents: 2.3.2
    dev: true

  /source-map-js/1.0.1:
    resolution: {integrity: sha512-4+TN2b3tqOCd/kaGRJ/sTYA0tR0mdXx26ipdolxcwtJVqEnqNYvlCAt1q3ypy4QMlYus+Zh34RNtYLoq2oQ4IA==, tarball: source-map-js/download/source-map-js-1.0.1.tgz}
    engines: {node: '>=0.10.0'}

  /source-map/0.6.1:
    resolution: {integrity: sha1-dHIq8y6WFOnCh6jQu95IteLxomM=, tarball: source-map/download/source-map-0.6.1.tgz}
    engines: {node: '>=0.10.0'}
    dev: false

  /sourcemap-codec/1.4.8:
    resolution: {integrity: sha1-6oBL2UhXQC5pktBaOO8a41qatMQ=, tarball: sourcemap-codec/download/sourcemap-codec-1.4.8.tgz}
    dev: false

  /typescript/4.5.2:
    resolution: {integrity: sha512-5BlMof9H1yGt0P8/WF+wPNw6GfctgGjXp5hkblpyT+8rkASSmkUKMXrxR0Xg8ThVCi/JnHQiKXeBaEwCeQwMFw==, tarball: typescript/download/typescript-4.5.2.tgz}
    engines: {node: '>=4.2.0'}
    hasBin: true
    dev: true

  /vite/2.6.14:
    resolution: {integrity: sha512-2HA9xGyi+EhY2MXo0+A2dRsqsAG3eFNEVIo12olkWhOmc8LfiM+eMdrXf+Ruje9gdXgvSqjLI9freec1RUM5EA==, tarball: vite/download/vite-2.6.14.tgz}
    engines: {node: '>=12.2.0'}
    hasBin: true
    peerDependencies:
      less: '*'
      sass: '*'
      stylus: '*'
    peerDependenciesMeta:
      less:
        optional: true
      sass:
        optional: true
      stylus:
        optional: true
    dependencies:
      esbuild: 0.13.15
      postcss: 8.4.4
      resolve: 1.20.0
      rollup: 2.60.2
    optionalDependencies:
      fsevents: 2.3.2
    dev: true

  /vue-demi/0.12.1_vue@3.2.23:
    resolution: {integrity: sha1-9+GO++z/0RqwadFHLXoG4xm0F0w=, tarball: vue-demi/download/vue-demi-0.12.1.tgz}
    engines: {node: '>=12'}
    hasBin: true
    requiresBuild: true
    peerDependencies:
      '@vue/composition-api': ^1.0.0-rc.1
      vue: ^3.0.0-0 || ^2.6.0
    peerDependenciesMeta:
      '@vue/composition-api':
        optional: true
    dependencies:
      vue: 3.2.23
    dev: false

  /vue-json-pretty/2.0.6_vue@3.2.23:
    resolution: {integrity: sha512-aVdxw8ZRGR/Uj8GEaJ1/W2Ks/MdCfv5t2HRbbd+ICp3nL7msKRLN+1qOkSzaMvDygbDPxGhwUHBxZz8nxP+r3A==, tarball: vue-json-pretty/download/vue-json-pretty-2.0.6.tgz}
    engines: {node: '>= 10.0.0', npm: '>= 5.0.0'}
    peerDependencies:
      vue: '>=3.0.0'
    dependencies:
      vue: 3.2.23
    dev: false

  /vue/3.2.23:
    resolution: {integrity: sha512-MGp9JZC37lzGhwSu6c1tQxrQbXbw7XKFqtYh7SFwNrNK899FPxGAHwSHMZijMChTSC3uZrD2BGO/3EHOgMJ0cw==, tarball: vue/download/vue-3.2.23.tgz}
    dependencies:
      '@vue/compiler-dom': 3.2.23
      '@vue/compiler-sfc': 3.2.23
      '@vue/runtime-dom': 3.2.23
      '@vue/server-renderer': 3.2.23_vue@3.2.23
      '@vue/shared': 3.2.23
    dev: false
